
Microsoft Visual Studio Solution File, Format Version 12.00
# Visual Studio Version 17
VisualStudioVersion = 17.14.36623.8 d17.14
MinimumVisualStudioVersion = 10.0.40219.1
Project("{FAE04EC0-301F-11D3-BF4B-00C04F79EFBC}") = "ShiftManager", "ShiftManager\ShiftManager.csproj", "{409E18F2-650F-40BA-ADD0-1E7D89F707FB}"
EndProject
Global
	GlobalSection(SolutionConfigurationPlatforms) = preSolution
		Debug|Any CPU = Debug|Any CPU
		Release|Any CPU = Release|Any CPU
	EndGlobalSection
	GlobalSection(ProjectConfigurationPlatforms) = postSolution
		{409E18F2-650F-40BA-ADD0-1E7D89F707FB}.Debug|Any CPU.ActiveCfg = Debug|Any CPU
		{409E18F2-650F-40BA-ADD0-1E7D89F707FB}.Debug|Any CPU.Build.0 = Debug|Any CPU
		{409E18F2-650F-40BA-ADD0-1E7D89F707FB}.Release|Any CPU.ActiveCfg = Release|Any CPU
		{409E18F2-650F-40BA-ADD0-1E7D89F707FB}.Release|Any CPU.Build.0 = Release|Any CPU
	EndGlobalSection
	GlobalSection(SolutionProperties) = preSolution
		HideSolutionNode = FALSE
	EndGlobalSection
	GlobalSection(ExtensibilityGlobals) = postSolution
		SolutionGuid = {D713D754-10BE-412C-9430-301CA5299136}
	EndGlobalSection
EndGlobal
